// !$*UTF8*$!
{
	archiveVersion = 1;
	classes = {
	};
	objectVersion = 77;
	objects = {

/* Begin PBXBuildFile section */
		FA9FED562EF032D9002794FB /* Stripe in Frameworks */ = {isa = PBXBuildFile; productRef = FA9FED552EF032D9002794FB /* Stripe */; };
		FA9FED582EF032D9002794FB /* StripeApplePay in Frameworks */ = {isa = PBXBuildFile; productRef = FA9FED572EF032D9002794FB /* StripeApplePay */; };
		FA9FED5A2EF032D9002794FB /* StripeCardScan in Frameworks */ = {isa = PBXBuildFile; productRef = FA9FED592EF032D9002794FB /* StripeCardScan */; };
		FA9FED5C2EF032D9002794FB /* StripeConnect in Frameworks */ = {isa = PBXBuildFile; productRef = FA9FED5B2EF032D9002794FB /* StripeConnect */; };
		FA9FED5E2EF032D9002794FB /* StripeFinancialConnections in Frameworks */ = {isa = PBXBuildFile; productRef = FA9FED5D2EF032D9002794FB /* StripeFinancialConnections */; };
		FA9FED602EF032D9002794FB /* StripeIdentity in Frameworks */ = {isa = PBXBuildFile; productRef = FA9FED5F2EF032D9002794FB /* StripeIdentity */; };
		FA9FED622EF032D9002794FB /* StripeIssuing in Frameworks */ = {isa = PBXBuildFile; productRef = FA9FED612EF032D9002794FB /* StripeIssuing */; };
		FA9FED642EF032D9002794FB /* StripePaymentSheet in Frameworks */ = {isa = PBXBuildFile; productRef = FA9FED632EF032D9002794FB /* StripePaymentSheet */; };
		FA9FED662EF032D9002794FB /* StripePayments in Frameworks */ = {isa = PBXBuildFile; productRef = FA9FED652EF032D9002794FB /* StripePayments */; };
		FA9FED682EF032D9002794FB /* StripePaymentsUI in Frameworks */ = {isa = PBXBuildFile; productRef = FA9FED672EF032D9002794FB /* StripePaymentsUI */; };
/* End PBXBuildFile section */

/* Begin PBXContainerItemProxy section */
		18FB8F762EC5EF2700874CD2 /* PBXContainerItemProxy */ = {
			isa = PBXContainerItemProxy;
			containerPortal = 18FB8F5B2EC5EF2600874CD2 /* Project object */;
			proxyType = 1;
			remoteGlobalIDString = 18FB8F622EC5EF2600874CD2;
			remoteInfo = MatchiFy;
		};
		18FB8F802EC5EF2700874CD2 /* PBXContainerItemProxy */ = {
			isa = PBXContainerItemProxy;
			containerPortal = 18FB8F5B2EC5EF2600874CD2 /* Project object */;
			proxyType = 1;
			remoteGlobalIDString = 18FB8F622EC5EF2600874CD2;
			remoteInfo = MatchiFy;
		};
/* End PBXContainerItemProxy section */

/* Begin PBXFileReference section */
		18FB8F632EC5EF2600874CD2 /* MatchiFy.app */ = {isa = PBXFileReference; explicitFileType = wrapper.application; includeInIndex = 0; path = MatchiFy.app; sourceTree = BUILT_PRODUCTS_DIR; };
		18FB8F752EC5EF2700874CD2 /* MatchiFyTests.xctest */ = {isa = PBXFileReference; explicitFileType = wrapper.cfbundle; includeInIndex = 0; path = MatchiFyTests.xctest; sourceTree = BUILT_PRODUCTS_DIR; };
		18FB8F7F2EC5EF2700874CD2 /* MatchiFyUITests.xctest */ = {isa = PBXFileReference; explicitFileType = wrapper.cfbundle; includeInIndex = 0; path = MatchiFyUITests.xctest; sourceTree = BUILT_PRODUCTS_DIR; };
/* End PBXFileReference section */

/* Begin PBXFileSystemSynchronizedRootGroup section */
		18FB8F652EC5EF2600874CD2 /* MatchiFy */ = {
			isa = PBXFileSystemSynchronizedRootGroup;
			path = MatchiFy;
			sourceTree = "<group>";
		};
		18FB8F782EC5EF2700874CD2 /* MatchiFyTests */ = {
			isa = PBXFileSystemSynchronizedRootGroup;
			path = MatchiFyTests;
			sourceTree = "<group>";
		};
		18FB8F822EC5EF2700874CD2 /* MatchiFyUITests */ = {
			isa = PBXFileSystemSynchronizedRootGroup;
			path = MatchiFyUITests;
			sourceTree = "<group>";
		};
/* End PBXFileSystemSynchronizedRootGroup section */

/* Begin PBXFrameworksBuildPhase section */
		18FB8F602EC5EF2600874CD2 /* Frameworks */ = {
			isa = PBXFrameworksBuildPhase;
			buildActionMask = 2147483647;
			files = (
				FA9FED662EF032D9002794FB /* StripePayments in Frameworks */,
				FA9FED642EF032D9002794FB /* StripePaymentSheet in Frameworks */,
				FA9FED5E2EF032D9002794FB /* StripeFinancialConnections in Frameworks */,
				FA9FED5A2EF032D9002794FB /* StripeCardScan in Frameworks */,
				FA9FED562EF032D9002794FB /* Stripe in Frameworks */,
				FA9FED602EF032D9002794FB /* StripeIdentity in Frameworks */,
				FA9FED5C2EF032D9002794FB /* StripeConnect in Frameworks */,
				FA9FED582EF032D9002794FB /* StripeApplePay in Frameworks */,
				FA9FED682EF032D9002794FB /* StripePaymentsUI in Frameworks */,
				FA9FED622EF032D9002794FB /* StripeIssuing in Frameworks */,
			);
			runOnlyForDeploymentPostprocessing = 0;
		};
		18FB8F722EC5EF2700874CD2 /* Frameworks */ = {
			isa = PBXFrameworksBuildPhase;
			buildActionMask = 2147483647;
			files = (
			);
			runOnlyForDeploymentPostprocessing = 0;
		};
		18FB8F7C2EC5EF2700874CD2 /* Frameworks */ = {
			isa = PBXFrameworksBuildPhase;
			buildActionMask = 2147483647;
			files = (
			);
			runOnlyForDeploymentPostprocessing = 0;
		};
/* End PBXFrameworksBuildPhase section */

/* Begin PBXGroup section */
		18FB8F5A2EC5EF2600874CD2 = {
			isa = PBXGroup;
			children = (
				18FB8F652EC5EF2600874CD2 /* MatchiFy */,
				18FB8F782EC5EF2700874CD2 /* MatchiFyTests */,
				18FB8F822EC5EF2700874CD2 /* MatchiFyUITests */,
				18FB8F642EC5EF2600874CD2 /* Products */,
			);
			sourceTree = "<group>";
		};
		18FB8F642EC5EF2600874CD2 /* Products */ = {
			isa = PBXGroup;
			children = (
				18FB8F632EC5EF2600874CD2 /* MatchiFy.app */,
				18FB8F752EC5EF2700874CD2 /* MatchiFyTests.xctest */,
				18FB8F7F2EC5EF2700874CD2 /* MatchiFyUITests.xctest */,
			);
			name = Products;
			sourceTree = "<group>";
		};
/* End PBXGroup section */

/* Begin PBXNativeTarget section */
		18FB8F622EC5EF2600874CD2 /* MatchiFy */ = {
			isa = PBXNativeTarget;
			buildConfigurationList = 18FB8F892EC5EF2700874CD2 /* Build configuration list for PBXNativeTarget "MatchiFy" */;
			buildPhases = (
				18FB8F5F2EC5EF2600874CD2 /* Sources */,
				18FB8F602EC5EF2600874CD2 /* Frameworks */,
				18FB8F612EC5EF2600874CD2 /* Resources */,
			);
			buildRules = (
			);
			dependencies = (
			);
			fileSystemSynchronizedGroups = (
				18FB8F652EC5EF2600874CD2 /* MatchiFy */,
			);
			name = MatchiFy;
			packageProductDependencies = (
				FA9FED552EF032D9002794FB /* Stripe */,
				FA9FED572EF032D9002794FB /* StripeApplePay */,
				FA9FED592EF032D9002794FB /* StripeCardScan */,
				FA9FED5B2EF032D9002794FB /* StripeConnect */,
				FA9FED5D2EF032D9002794FB /* StripeFinancialConnections */,
				FA9FED5F2EF032D9002794FB /* StripeIdentity */,
				FA9FED612EF032D9002794FB /* StripeIssuing */,
				FA9FED632EF032D9002794FB /* StripePaymentSheet */,
				FA9FED652EF032D9002794FB /* StripePayments */,
				FA9FED672EF032D9002794FB /* StripePaymentsUI */,
			);
			productName = MatchiFy;
			productReference = 18FB8F632EC5EF2600874CD2 /* MatchiFy.app */;
			productType = "com.apple.product-type.application";
		};
		18FB8F742EC5EF2700874CD2 /* MatchiFyTests */ = {
			isa = PBXNativeTarget;
			buildConfigurationList = 18FB8F8C2EC5EF2700874CD2 /* Build configuration list for PBXNativeTarget "MatchiFyTests" */;
			buildPhases = (
				18FB8F712EC5EF2700874CD2 /* Sources */,
				18FB8F722EC5EF2700874CD2 /* Frameworks */,
				18FB8F732EC5EF2700874CD2 /* Resources */,
			);
			buildRules = (
			);
			dependencies = (
				18FB8F772EC5EF2700874CD2 /* PBXTargetDependency */,
			);
			fileSystemSynchronizedGroups = (
				18FB8F782EC5EF2700874CD2 /* MatchiFyTests */,
			);
			name = MatchiFyTests;
			packageProductDependencies = (
			);
			productName = MatchiFyTests;
			productReference = 18FB8F752EC5EF2700874CD2 /* MatchiFyTests.xctest */;
			productType = "com.apple.product-type.bundle.unit-test";
		};
		18FB8F7E2EC5EF2700874CD2 /* MatchiFyUITests */ = {
			isa = PBXNativeTarget;
			buildConfigurationList = 18FB8F8F2EC5EF2700874CD2 /* Build configuration list for PBXNativeTarget "MatchiFyUITests" */;
			buildPhases = (
				18FB8F7B2EC5EF2700874CD2 /* Sources */,
				18FB8F7C2EC5EF2700874CD2 /* Frameworks */,
				18FB8F7D2EC5EF2700874CD2 /* Resources */,
			);
			buildRules = (
			);
			dependencies = (
				18FB8F812EC5EF2700874CD2 /* PBXTargetDependency */,
			);
			fileSystemSynchronizedGroups = (
				18FB8F822EC5EF2700874CD2 /* MatchiFyUITests */,
			);
			name = MatchiFyUITests;
			packageProductDependencies = (
			);
			productName = MatchiFyUITests;
			productReference = 18FB8F7F2EC5EF2700874CD2 /* MatchiFyUITests.xctest */;
			productType = "com.apple.product-type.bundle.ui-testing";
		};
/* End PBXNativeTarget section */

/* Begin PBXProject section */
		18FB8F5B2EC5EF2600874CD2 /* Project object */ = {
			isa = PBXProject;
			attributes = {
				BuildIndependentTargetsInParallel = 1;
				LastSwiftUpdateCheck = 2610;
				LastUpgradeCheck = 2610;
				TargetAttributes = {
					18FB8F622EC5EF2600874CD2 = {
						CreatedOnToolsVersion = 26.1.1;
					};
					18FB8F742EC5EF2700874CD2 = {
						CreatedOnToolsVersion = 26.1.1;
						TestTargetID = 18FB8F622EC5EF2600874CD2;
					};
					18FB8F7E2EC5EF2700874CD2 = {
						CreatedOnToolsVersion = 26.1.1;
						TestTargetID = 18FB8F622EC5EF2600874CD2;
					};
				};
			};
			buildConfigurationList = 18FB8F5E2EC5EF2600874CD2 /* Build configuration list for PBXProject "MatchiFy" */;
			developmentRegion = en;
			hasScannedForEncodings = 0;
			knownRegions = (
				en,
				Base,
			);
			mainGroup = 18FB8F5A2EC5EF2600874CD2;
			minimizedProjectReferenceProxies = 1;
			packageReferences = (
				FA9FED542EF032D9002794FB /* XCRemoteSwiftPackageReference "stripe-ios" */,
			);
			preferredProjectObjectVersion = 77;
			productRefGroup = 18FB8F642EC5EF2600874CD2 /* Products */;
			projectDirPath = "";
			projectRoot = "";
			targets = (
				18FB8F622EC5EF2600874CD2 /* MatchiFy */,
				18FB8F742EC5EF2700874CD2 /* MatchiFyTests */,
				18FB8F7E2EC5EF2700874CD2 /* MatchiFyUITests */,
			);
		};
/* End PBXProject section */

/* Begin PBXResourcesBuildPhase section */
		18FB8F612EC5EF2600874CD2 /* Resources */ = {
			isa = PBXResourcesBuildPhase;
			buildActionMask = 2147483647;
			files = (
			);
			runOnlyForDeploymentPostprocessing = 0;
		};
		18FB8F732EC5EF2700874CD2 /* Resources */ = {
			isa = PBXResourcesBuildPhase;
			buildActionMask = 2147483647;
			files = (
			);
			runOnlyForDeploymentPostprocessing = 0;
		};
		18FB8F7D2EC5EF2700874CD2 /* Resources */ = {
			isa = PBXResourcesBuildPhase;
			buildActionMask = 2147483647;
			files = (
			);
			runOnlyForDeploymentPostprocessing = 0;
		};
/* End PBXResourcesBuildPhase section */

/* Begin PBXSourcesBuildPhase section */
		18FB8F5F2EC5EF2600874CD2 /* Sources */ = {
			isa = PBXSourcesBuildPhase;
			buildActionMask = 2147483647;
			files = (
			);
			runOnlyForDeploymentPostprocessing = 0;
		};
		18FB8F712EC5EF2700874CD2 /* Sources */ = {
			isa = PBXSourcesBuildPhase;
			buildActionMask = 2147483647;
			files = (
			);
			runOnlyForDeploymentPostprocessing = 0;
		};
		18FB8F7B2EC5EF2700874CD2 /* Sources */ = {
			isa = PBXSourcesBuildPhase;
			buildActionMask = 2147483647;
			files = (
			);
			runOnlyForDeploymentPostprocessing = 0;
		};
/* End PBXSourcesBuildPhase section */

/* Begin PBXTargetDependency section */
		18FB8F772EC5EF2700874CD2 /* PBXTargetDependency */ = {
			isa = PBXTargetDependency;
			target = 18FB8F622EC5EF2600874CD2 /* MatchiFy */;
			targetProxy = 18FB8F762EC5EF2700874CD2 /* PBXContainerItemProxy */;
		};
		18FB8F812EC5EF2700874CD2 /* PBXTargetDependency */ = {
			isa = PBXTargetDependency;
			target = 18FB8F622EC5EF2600874CD2 /* MatchiFy */;
			targetProxy = 18FB8F802EC5EF2700874CD2 /* PBXContainerItemProxy */;
		};
/* End PBXTargetDependency section */

/* Begin XCBuildConfiguration section */
		18FB8F872EC5EF2700874CD2 /* Debug */ = {
			isa = XCBuildConfiguration;
			buildSettings = {
				ALWAYS_SEARCH_USER_PATHS = NO;
				ASSETCATALOG_COMPILER_GENERATE_SWIFT_ASSET_SYMBOL_EXTENSIONS = YES;
				CLANG_ANALYZER_NONNULL = YES;
				CLANG_ANALYZER_NUMBER_OBJECT_CONVERSION = YES_AGGRESSIVE;
				CLANG_CXX_LANGUAGE_STANDARD = "gnu++20";
				CLANG_ENABLE_MODULES = YES;
				CLANG_ENABLE_OBJC_ARC = YES;
				CLANG_ENABLE_OBJC_WEAK = YES;
				CLANG_WARN_BLOCK_CAPTURE_AUTORELEASING = YES;
				CLANG_WARN_BOOL_CONVERSION = YES;
				CLANG_WARN_COMMA = YES;
				CLANG_WARN_CONSTANT_CONVERSION = YES;
				CLANG_WARN_DEPRECATED_OBJC_IMPLEMENTATIONS = YES;
				CLANG_WARN_DIRECT_OBJC_ISA_USAGE = YES_ERROR;
				CLANG_WARN_DOCUMENTATION_COMMENTS = YES;
				CLANG_WARN_EMPTY_BODY = YES;
				CLANG_WARN_ENUM_CONVERSION = YES;
				CLANG_WARN_INFINITE_RECURSION = YES;
				CLANG_WARN_INT_CONVERSION = YES;
				CLANG_WARN_NON_LITERAL_NULL_CONVERSION = YES;
				CLANG_WARN_OBJC_IMPLICIT_RETAIN_SELF = YES;
				CLANG_WARN_OBJC_LITERAL_CONVERSION = YES;
				CLANG_WARN_OBJC_ROOT_CLASS = YES_ERROR;
				CLANG_WARN_QUOTED_INCLUDE_IN_FRAMEWORK_HEADER = YES;
				CLANG_WARN_RANGE_LOOP_ANALYSIS = YES;
				CLANG_WARN_STRICT_PROTOTYPES = YES;
				CLANG_WARN_SUSPICIOUS_MOVE = YES;
				CLANG_WARN_UNGUARDED_AVAILABILITY = YES_AGGRESSIVE;
				CLANG_WARN_UNREACHABLE_CODE = YES;
				CLANG_WARN__DUPLICATE_METHOD_MATCH = YES;
				COPY_PHASE_STRIP = NO;
				DEBUG_INFORMATION_FORMAT = dwarf;
				DEVELOPMENT_TEAM = P8ATFJV9DV;
				ENABLE_STRICT_OBJC_MSGSEND = YES;
				ENABLE_TESTABILITY = YES;
				ENABLE_USER_SCRIPT_SANDBOXING = YES;
				GCC_C_LANGUAGE_STANDARD = gnu17;
				GCC_DYNAMIC_NO_PIC = NO;
				GCC_NO_COMMON_BLOCKS = YES;
				GCC_OPTIMIZATION_LEVEL = 0;
				GCC_PREPROCESSOR_DEFINITIONS = (
					"DEBUG=1",
					"$(inherited)",
				);
				GCC_WARN_64_TO_32_BIT_CONVERSION = YES;
				GCC_WARN_ABOUT_RETURN_TYPE = YES_ERROR;
				GCC_WARN_UNDECLARED_SELECTOR = YES;
				GCC_WARN_UNINITIALIZED_AUTOS = YES_AGGRESSIVE;
				GCC_WARN_UNUSED_FUNCTION = YES;
				GCC_WARN_UNUSED_VARIABLE = YES;
				IPHONEOS_DEPLOYMENT_TARGET = 26.1;
				LOCALIZATION_PREFERS_STRING_CATALOGS = YES;
				MTL_ENABLE_DEBUG_INFO = INCLUDE_SOURCE;
				MTL_FAST_MATH = YES;
				ONLY_ACTIVE_ARCH = YES;
				SDKROOT = iphoneos;
				SWIFT_ACTIVE_COMPILATION_CONDITIONS = "DEBUG $(inherited)";
				SWIFT_OPTIMIZATION_LEVEL = "-Onone";
			};
			name = Debug;
		};
		18FB8F882EC5EF2700874CD2 /* Release */ = {
			isa = XCBuildConfiguration;
			buildSettings = {
				ALWAYS_SEARCH_USER_PATHS = NO;
				ASSETCATALOG_COMPILER_GENERATE_SWIFT_ASSET_SYMBOL_EXTENSIONS = YES;
				CLANG_ANALYZER_NONNULL = YES;
				CLANG_ANALYZER_NUMBER_OBJECT_CONVERSION = YES_AGGRESSIVE;
				CLANG_CXX_LANGUAGE_STANDARD = "gnu++20";
				CLANG_ENABLE_MODULES = YES;
				CLANG_ENABLE_OBJC_ARC = YES;
				CLANG_ENABLE_OBJC_WEAK = YES;
				CLANG_WARN_BLOCK_CAPTURE_AUTORELEASING = YES;
				CLANG_WARN_BOOL_CONVERSION = YES;
				CLANG_WARN_COMMA = YES;
				CLANG_WARN_CONSTANT_CONVERSION = YES;
				CLANG_WARN_DEPRECATED_OBJC_IMPLEMENTATIONS = YES;
				CLANG_WARN_DIRECT_OBJC_ISA_USAGE = YES_ERROR;
				CLANG_WARN_DOCUMENTATION_COMMENTS = YES;
				CLANG_WARN_EMPTY_BODY = YES;
				CLANG_WARN_ENUM_CONVERSION = YES;
				CLANG_WARN_INFINITE_RECURSION = YES;
				CLANG_WARN_INT_CONVERSION = YES;
				CLANG_WARN_NON_LITERAL_NULL_CONVERSION = YES;
				CLANG_WARN_OBJC_IMPLICIT_RETAIN_SELF = YES;
				CLANG_WARN_OBJC_LITERAL_CONVERSION = YES;
				CLANG_WARN_OBJC_ROOT_CLASS = YES_ERROR;
				CLANG_WARN_QUOTED_INCLUDE_IN_FRAMEWORK_HEADER = YES;
				CLANG_WARN_RANGE_LOOP_ANALYSIS = YES;
				CLANG_WARN_STRICT_PROTOTYPES = YES;
				CLANG_WARN_SUSPICIOUS_MOVE = YES;
				CLANG_WARN_UNGUARDED_AVAILABILITY = YES_AGGRESSIVE;
				CLANG_WARN_UNREACHABLE_CODE = YES;
				CLANG_WARN__DUPLICATE_METHOD_MATCH = YES;
				COPY_PHASE_STRIP = NO;
				DEBUG_INFORMATION_FORMAT = "dwarf-with-dsym";
				DEVELOPMENT_TEAM = P8ATFJV9DV;
				ENABLE_NS_ASSERTIONS = NO;
				ENABLE_STRICT_OBJC_MSGSEND = YES;
				ENABLE_USER_SCRIPT_SANDBOXING = YES;
				GCC_C_LANGUAGE_STANDARD = gnu17;
				GCC_NO_COMMON_BLOCKS = YES;
				GCC_WARN_64_TO_32_BIT_CONVERSION = YES;
				GCC_WARN_ABOUT_RETURN_TYPE = YES_ERROR;
				GCC_WARN_UNDECLARED_SELECTOR = YES;
				GCC_WARN_UNINITIALIZED_AUTOS = YES_AGGRESSIVE;
				GCC_WARN_UNUSED_FUNCTION = YES;
				GCC_WARN_UNUSED_VARIABLE = YES;
				IPHONEOS_DEPLOYMENT_TARGET = 26.1;
				LOCALIZATION_PREFERS_STRING_CATALOGS = YES;
				MTL_ENABLE_DEBUG_INFO = NO;
				MTL_FAST_MATH = YES;
				SDKROOT = iphoneos;
				SWIFT_COMPILATION_MODE = wholemodule;
				VALIDATE_PRODUCT = YES;
			};
			name = Release;
		};
		18FB8F8A2EC5EF2700874CD2 /* Debug */ = {
			isa = XCBuildConfiguration;
			buildSettings = {
				ASSETCATALOG_COMPILER_APPICON_NAME = AppIcon;
				ASSETCATALOG_COMPILER_GLOBAL_ACCENT_COLOR_NAME = AccentColor;
				CODE_SIGN_STYLE = Automatic;
				CURRENT_PROJECT_VERSION = 1;
				DEVELOPMENT_TEAM = P8ATFJV9DV;
				ENABLE_PREVIEWS = YES;
				GENERATE_INFOPLIST_FILE = YES;
				INFOPLIST_KEY_UIApplicationSceneManifest_Generation = YES;
				INFOPLIST_KEY_UIApplicationSupportsIndirectInputEvents = YES;
				INFOPLIST_KEY_UILaunchScreen_Generation = YES;
				INFOPLIST_KEY_UISupportedInterfaceOrientations_iPad = "UIInterfaceOrientationPortrait UIInterfaceOrientationPortraitUpsideDown UIInterfaceOrientationLandscapeLeft UIInterfaceOrientationLandscapeRight";
				INFOPLIST_KEY_UISupportedInterfaceOrientations_iPhone = "UIInterfaceOrientationPortrait UIInterfaceOrientationLandscapeLeft UIInterfaceOrientationLandscapeRight";
				LD_RUNPATH_SEARCH_PATHS = (
					"$(inherited)",
					"@executable_path/Frameworks",
				);
				MARKETING_VERSION = 1.0;
				PRODUCT_BUNDLE_IDENTIFIER = com.esprit.testProjectSwift.MatchiFy;
				PRODUCT_NAME = "$(TARGET_NAME)";
				STRING_CATALOG_GENERATE_SYMBOLS = YES;
				SWIFT_APPROACHABLE_CONCURRENCY = YES;
				SWIFT_DEFAULT_ACTOR_ISOLATION = MainActor;
				SWIFT_EMIT_LOC_STRINGS = YES;
				SWIFT_UPCOMING_FEATURE_MEMBER_IMPORT_VISIBILITY = YES;
				SWIFT_VERSION = 5.0;
				TARGETED_DEVICE_FAMILY = "1,2";
			};
			name = Debug;
		};
		18FB8F8B2EC5EF2700874CD2 /* Release */ = {
			isa = XCBuildConfiguration;
			buildSettings = {
				ASSETCATALOG_COMPILER_APPICON_NAME = AppIcon;
				ASSETCATALOG_COMPILER_GLOBAL_ACCENT_COLOR_NAME = AccentColor;
				CODE_SIGN_STYLE = Automatic;
				CURRENT_PROJECT_VERSION = 1;
				DEVELOPMENT_TEAM = P8ATFJV9DV;
				ENABLE_PREVIEWS = YES;
				GENERATE_INFOPLIST_FILE = YES;
				INFOPLIST_KEY_UIApplicationSceneManifest_Generation = YES;
				INFOPLIST_KEY_UIApplicationSupportsIndirectInputEvents = YES;
				INFOPLIST_KEY_UILaunchScreen_Generation = YES;
				INFOPLIST_KEY_UISupportedInterfaceOrientations_iPad = "UIInterfaceOrientationPortrait UIInterfaceOrientationPortraitUpsideDown UIInterfaceOrientationLandscapeLeft UIInterfaceOrientationLandscapeRight";
				INFOPLIST_KEY_UISupportedInterfaceOrientations_iPhone = "UIInterfaceOrientationPortrait UIInterfaceOrientationLandscapeLeft UIInterfaceOrientationLandscapeRight";
				LD_RUNPATH_SEARCH_PATHS = (
					"$(inherited)",
					"@executable_path/Frameworks",
				);
				MARKETING_VERSION = 1.0;
				PRODUCT_BUNDLE_IDENTIFIER = com.esprit.testProjectSwift.MatchiFy;
				PRODUCT_NAME = "$(TARGET_NAME)";
				STRING_CATALOG_GENERATE_SYMBOLS = YES;
				SWIFT_APPROACHABLE_CONCURRENCY = YES;
				SWIFT_DEFAULT_ACTOR_ISOLATION = MainActor;
				SWIFT_EMIT_LOC_STRINGS = YES;
				SWIFT_UPCOMING_FEATURE_MEMBER_IMPORT_VISIBILITY = YES;
				SWIFT_VERSION = 5.0;
				TARGETED_DEVICE_FAMILY = "1,2";
			};
			name = Release;
		};
		18FB8F8D2EC5EF2700874CD2 /* Debug */ = {
			isa = XCBuildConfiguration;
			buildSettings = {
				BUNDLE_LOADER = "$(TEST_HOST)";
				CODE_SIGN_STYLE = Automatic;
				CURRENT_PROJECT_VERSION = 1;
				DEVELOPMENT_TEAM = P8ATFJV9DV;
				GENERATE_INFOPLIST_FILE = YES;
				IPHONEOS_DEPLOYMENT_TARGET = 26.1;
				MARKETING_VERSION = 1.0;
				PRODUCT_BUNDLE_IDENTIFIER = com.esprit.testProjectSwift.MatchiFyTests;
				PRODUCT_NAME = "$(TARGET_NAME)";
				STRING_CATALOG_GENERATE_SYMBOLS = NO;
				SWIFT_APPROACHABLE_CONCURRENCY = YES;
				SWIFT_EMIT_LOC_STRINGS = NO;
				SWIFT_UPCOMING_FEATURE_MEMBER_IMPORT_VISIBILITY = YES;
				SWIFT_VERSION = 5.0;
				TARGETED_DEVICE_FAMILY = "1,2";
				TEST_HOST = "$(BUILT_PRODUCTS_DIR)/MatchiFy.app/$(BUNDLE_EXECUTABLE_FOLDER_PATH)/MatchiFy";
			};
			name = Debug;
		};
		18FB8F8E2EC5EF2700874CD2 /* Release */ = {
			isa = XCBuildConfiguration;
			buildSettings = {
				BUNDLE_LOADER = "$(TEST_HOST)";
				CODE_SIGN_STYLE = Automatic;
				CURRENT_PROJECT_VERSION = 1;
				DEVELOPMENT_TEAM = P8ATFJV9DV;
				GENERATE_INFOPLIST_FILE = YES;
				IPHONEOS_DEPLOYMENT_TARGET = 26.1;
				MARKETING_VERSION = 1.0;
				PRODUCT_BUNDLE_IDENTIFIER = com.esprit.testProjectSwift.MatchiFyTests;
				PRODUCT_NAME = "$(TARGET_NAME)";
				STRING_CATALOG_GENERATE_SYMBOLS = NO;
				SWIFT_APPROACHABLE_CONCURRENCY = YES;
				SWIFT_EMIT_LOC_STRINGS = NO;
				SWIFT_UPCOMING_FEATURE_MEMBER_IMPORT_VISIBILITY = YES;
				SWIFT_VERSION = 5.0;
				TARGETED_DEVICE_FAMILY = "1,2";
				TEST_HOST = "$(BUILT_PRODUCTS_DIR)/MatchiFy.app/$(BUNDLE_EXECUTABLE_FOLDER_PATH)/MatchiFy";
			};
			name = Release;
		};
		18FB8F902EC5EF2700874CD2 /* Debug */ = {
			isa = XCBuildConfiguration;
			buildSettings = {
				CODE_SIGN_STYLE = Automatic;
				CURRENT_PROJECT_VERSION = 1;
				DEVELOPMENT_TEAM = P8ATFJV9DV;
				GENERATE_INFOPLIST_FILE = YES;
				MARKETING_VERSION = 1.0;
				PRODUCT_BUNDLE_IDENTIFIER = com.esprit.testProjectSwift.MatchiFyUITests;
				PRODUCT_NAME = "$(TARGET_NAME)";
				STRING_CATALOG_GENERATE_SYMBOLS = NO;
				SWIFT_APPROACHABLE_CONCURRENCY = YES;
				SWIFT_EMIT_LOC_STRINGS = NO;
				SWIFT_UPCOMING_FEATURE_MEMBER_IMPORT_VISIBILITY = YES;
				SWIFT_VERSION = 5.0;
				TARGETED_DEVICE_FAMILY = "1,2";
				TEST_TARGET_NAME = MatchiFy;
			};
			name = Debug;
		};
		18FB8F912EC5EF2700874CD2 /* Release */ = {
			isa = XCBuildConfiguration;
			buildSettings = {
				CODE_SIGN_STYLE = Automatic;
				CURRENT_PROJECT_VERSION = 1;
				DEVELOPMENT_TEAM = P8ATFJV9DV;
				GENERATE_INFOPLIST_FILE = YES;
				MARKETING_VERSION = 1.0;
				PRODUCT_BUNDLE_IDENTIFIER = com.esprit.testProjectSwift.MatchiFyUITests;
				PRODUCT_NAME = "$(TARGET_NAME)";
				STRING_CATALOG_GENERATE_SYMBOLS = NO;
				SWIFT_APPROACHABLE_CONCURRENCY = YES;
				SWIFT_EMIT_LOC_STRINGS = NO;
				SWIFT_UPCOMING_FEATURE_MEMBER_IMPORT_VISIBILITY = YES;
				SWIFT_VERSION = 5.0;
				TARGETED_DEVICE_FAMILY = "1,2";
				TEST_TARGET_NAME = MatchiFy;
			};
			name = Release;
		};
/* End XCBuildConfiguration section */

/* Begin XCConfigurationList section */
		18FB8F5E2EC5EF2600874CD2 /* Build configuration list for PBXProject "MatchiFy" */ = {
			isa = XCConfigurationList;
			buildConfigurations = (
				18FB8F872EC5EF2700874CD2 /* Debug */,
				18FB8F882EC5EF2700874CD2 /* Release */,
			);
			defaultConfigurationIsVisible = 0;
			defaultConfigurationName = Release;
		};
		18FB8F892EC5EF2700874CD2 /* Build configuration list for PBXNativeTarget "MatchiFy" */ = {
			isa = XCConfigurationList;
			buildConfigurations = (
				18FB8F8A2EC5EF2700874CD2 /* Debug */,
				18FB8F8B2EC5EF2700874CD2 /* Release */,
			);
			defaultConfigurationIsVisible = 0;
			defaultConfigurationName = Release;
		};
		18FB8F8C2EC5EF2700874CD2 /* Build configuration list for PBXNativeTarget "MatchiFyTests" */ = {
			isa = XCConfigurationList;
			buildConfigurations = (
				18FB8F8D2EC5EF2700874CD2 /* Debug */,
				18FB8F8E2EC5EF2700874CD2 /* Release */,
			);
			defaultConfigurationIsVisible = 0;
			defaultConfigurationName = Release;
		};
		18FB8F8F2EC5EF2700874CD2 /* Build configuration list for PBXNativeTarget "MatchiFyUITests" */ = {
			isa = XCConfigurationList;
			buildConfigurations = (
				18FB8F902EC5EF2700874CD2 /* Debug */,
				18FB8F912EC5EF2700874CD2 /* Release */,
			);
			defaultConfigurationIsVisible = 0;
			defaultConfigurationName = Release;
		};
/* End XCConfigurationList section */

/* Begin XCRemoteSwiftPackageReference section */
		FA9FED542EF032D9002794FB /* XCRemoteSwiftPackageReference "stripe-ios" */ = {
			isa = XCRemoteSwiftPackageReference;
			repositoryURL = "https://github.com/stripe/stripe-ios";
			requirement = {
				kind = upToNextMajorVersion;
				minimumVersion = 25.2.0;
			};
		};
/* End XCRemoteSwiftPackageReference section */

/* Begin XCSwiftPackageProductDependency section */
		FA9FED552EF032D9002794FB /* Stripe */ = {
			isa = XCSwiftPackageProductDependency;
			package = FA9FED542EF032D9002794FB /* XCRemoteSwiftPackageReference "stripe-ios" */;
			productName = Stripe;
		};
		FA9FED572EF032D9002794FB /* StripeApplePay */ = {
			isa = XCSwiftPackageProductDependency;
			package = FA9FED542EF032D9002794FB /* XCRemoteSwiftPackageReference "stripe-ios" */;
			productName = StripeApplePay;
		};
		FA9FED592EF032D9002794FB /* StripeCardScan */ = {
			isa = XCSwiftPackageProductDependency;
			package = FA9FED542EF032D9002794FB /* XCRemoteSwiftPackageReference "stripe-ios" */;
			productName = StripeCardScan;
		};
		FA9FED5B2EF032D9002794FB /* StripeConnect */ = {
			isa = XCSwiftPackageProductDependency;
			package = FA9FED542EF032D9002794FB /* XCRemoteSwiftPackageReference "stripe-ios" */;
			productName = StripeConnect;
		};
		FA9FED5D2EF032D9002794FB /* StripeFinancialConnections */ = {
			isa = XCSwiftPackageProductDependency;
			package = FA9FED542EF032D9002794FB /* XCRemoteSwiftPackageReference "stripe-ios" */;
			productName = StripeFinancialConnections;
		};
		FA9FED5F2EF032D9002794FB /* StripeIdentity */ = {
			isa = XCSwiftPackageProductDependency;
			package = FA9FED542EF032D9002794FB /* XCRemoteSwiftPackageReference "stripe-ios" */;
			productName = StripeIdentity;
		};
		FA9FED612EF032D9002794FB /* StripeIssuing */ = {
			isa = XCSwiftPackageProductDependency;
			package = FA9FED542EF032D9002794FB /* XCRemoteSwiftPackageReference "stripe-ios" */;
			productName = StripeIssuing;
		};
		FA9FED632EF032D9002794FB /* StripePaymentSheet */ = {
			isa = XCSwiftPackageProductDependency;
			package = FA9FED542EF032D9002794FB /* XCRemoteSwiftPackageReference "stripe-ios" */;
			productName = StripePaymentSheet;
		};
		FA9FED652EF032D9002794FB /* StripePayments */ = {
			isa = XCSwiftPackageProductDependency;
			package = FA9FED542EF032D9002794FB /* XCRemoteSwiftPackageReference "stripe-ios" */;
			productName = StripePayments;
		};
		FA9FED672EF032D9002794FB /* StripePaymentsUI */ = {
			isa = XCSwiftPackageProductDependency;
			package = FA9FED542EF032D9002794FB /* XCRemoteSwiftPackageReference "stripe-ios" */;
			productName = StripePaymentsUI;
		};
/* End XCSwiftPackageProductDependency section */
	};
	rootObject = 18FB8F5B2EC5EF2600874CD2 /* Project object */;
}
